PODS:
  - IQKeyboardManagerSwift (6.5.6)
  - JGProgressHUD (2.2)
  - Loaf (0.7.0)

DEPENDENCIES:
  - IQKeyboardManagerSwift
  - JGProgressHUD
  - Loaf

SPEC REPOS:
  trunk:
    - IQKeyboardManagerSwift
    - JGProgressHUD
    - Loaf

SPEC CHECKSUMS:
  IQKeyboardManagerSwift: c7df9d2deb356c04522f5c4b7b6e4ce4d8ed94fe
  JGProgressHUD: d83d7a981b85d11205e19ff8ad5bb9c40571c847
  Loaf: d69937cd00649f3fa260beb8b7aef0a1feb861ef

PODFILE CHECKSUM: 39ebc07395dffd8bc6259081d033f0231fbccab3

COCOAPODS: 1.10.2
